// !$*UTF8*$!
{
	archiveVersion = 1;
	classes = {
	};
	objectVersion = 46;
	objects = {

/* Begin PBXBuildFile section */
		2703181F1933BE7C00ED93D0 /* BNRImageStore.m in Sources */ = {isa = PBXBuildFile; fileRef = 2703181E1933BE7C00ED93D0 /* BNRImageStore.m */; };
		271FB4D019279C0A0089E50A /* Foundation.framework in Frameworks */ = {isa = PBXBuildFile; fileRef = 271FB4CF19279C0A0089E50A /* Foundation.framework */; };
		271FB4D219279C0A0089E50A /* CoreGraphics.framework in Frameworks */ = {isa = PBXBuildFile; fileRef = 271FB4D119279C0A0089E50A /* CoreGraphics.framework */; };
		271FB4D419279C0A0089E50A /* UIKit.framework in Frameworks */ = {isa = PBXBuildFile; fileRef = 271FB4D319279C0A0089E50A /* UIKit.framework */; };
		271FB4DA19279C0A0089E50A /* InfoPlist.strings in Resources */ = {isa = PBXBuildFile; fileRef = 271FB4D819279C0A0089E50A /* InfoPlist.strings */; };
		271FB4DC19279C0A0089E50A /* main.m in Sources */ = {isa = PBXBuildFile; fileRef = 271FB4DB19279C0A0089E50A /* main.m */; };
		271FB4E019279C0A0089E50A /* BNRAppDelegate.m in Sources */ = {isa = PBXBuildFile; fileRef = 271FB4DF19279C0A0089E50A /* BNRAppDelegate.m */; };
		271FB4E219279C0A0089E50A /* Images.xcassets in Resources */ = {isa = PBXBuildFile; fileRef = 271FB4E119279C0A0089E50A /* Images.xcassets */; };
		271FB4E919279C0A0089E50A /* XCTest.framework in Frameworks */ = {isa = PBXBuildFile; fileRef = 271FB4E819279C0A0089E50A /* XCTest.framework */; };
		271FB4EA19279C0A0089E50A /* Foundation.framework in Frameworks */ = {isa = PBXBuildFile; fileRef = 271FB4CF19279C0A0089E50A /* Foundation.framework */; };
		271FB4EB19279C0A0089E50A /* UIKit.framework in Frameworks */ = {isa = PBXBuildFile; fileRef = 271FB4D319279C0A0089E50A /* UIKit.framework */; };
		271FB4F319279C0A0089E50A /* InfoPlist.strings in Resources */ = {isa = PBXBuildFile; fileRef = 271FB4F119279C0A0089E50A /* InfoPlist.strings */; };
		271FB4F519279C0A0089E50A /* HomePwnerTests.m in Sources */ = {isa = PBXBuildFile; fileRef = 271FB4F419279C0A0089E50A /* HomePwnerTests.m */; };
		271FB5421927DFC60089E50A /* BNRItemsViewController.m in Sources */ = {isa = PBXBuildFile; fileRef = 271FB5411927DFC60089E50A /* BNRItemsViewController.m */; };
		271FB54B1927E7BA0089E50A /* BNRItemStore.m in Sources */ = {isa = PBXBuildFile; fileRef = 271FB54A1927E7BA0089E50A /* BNRItemStore.m */; };
		27558E44194B4E67003312C0 /* BNRItemCell.xib in Resources */ = {isa = PBXBuildFile; fileRef = 27558E43194B4E67003312C0 /* BNRItemCell.xib */; };
		27558E47194B4F01003312C0 /* BNRItemCell.m in Sources */ = {isa = PBXBuildFile; fileRef = 27558E46194B4F01003312C0 /* BNRItemCell.m */; };
		27827C071959EF50006F171B /* Homepwner.xcdatamodeld in Sources */ = {isa = PBXBuildFile; fileRef = 27827C051959EF50006F171B /* Homepwner.xcdatamodeld */; };
		27827C0B1959F11F006F171B /* BNRImageTransformer.m in Sources */ = {isa = PBXBuildFile; fileRef = 27827C0A1959F11F006F171B /* BNRImageTransformer.m */; };
		27827C0E195A17F6006F171B /* BNRItem.m in Sources */ = {isa = PBXBuildFile; fileRef = 27827C0D195A17F6006F171B /* BNRItem.m */; };
		27827C13195B5A12006F171B /* BNRAssetTypeViewController.m in Sources */ = {isa = PBXBuildFile; fileRef = 27827C12195B5A12006F171B /* BNRAssetTypeViewController.m */; };
		279551DB192F81B900AF7746 /* BNRDetailViewController.m in Sources */ = {isa = PBXBuildFile; fileRef = 279551D9192F81B900AF7746 /* BNRDetailViewController.m */; };
		279551DC192F81B900AF7746 /* BNRDetailViewController.xib in Resources */ = {isa = PBXBuildFile; fileRef = 279551DA192F81B900AF7746 /* BNRDetailViewController.xib */; };
		27A5BBCC194F695B0005AC4F /* BNRImageViewController.m in Sources */ = {isa = PBXBuildFile; fileRef = 27A5BBCB194F695B0005AC4F /* BNRImageViewController.m */; };
		27AC1E70192A9C0C002EA5FC /* HeaderView.xib in Resources */ = {isa = PBXBuildFile; fileRef = 27AC1E6F192A9C0C002EA5FC /* HeaderView.xib */; };
/* End PBXBuildFile section */

/* Begin PBXContainerItemProxy section */
		271FB4EC19279C0A0089E50A /* PBXContainerItemProxy */ = {
			isa = PBXContainerItemProxy;
			containerPortal = 271FB4C419279C0A0089E50A /* Project object */;
			proxyType = 1;
			remoteGlobalIDString = 271FB4CB19279C0A0089E50A;
			remoteInfo = HomePwner;
		};
/* End PBXContainerItemProxy section */

/* Begin PBXFileReference section */
		2703181D1933BE7C00ED93D0 /* BNRImageStore.h */ = {isa = PBXFileReference; fileEncoding = 4; lastKnownFileType = sourcecode.c.h; path = BNRImageStore.h; sourceTree = "<group>"; };
		2703181E1933BE7C00ED93D0 /* BNRImageStore.m */ = {isa = PBXFileReference; fileEncoding = 4; lastKnownFileType = sourcecode.c.objc; path = BNRImageStore.m; sourceTree = "<group>"; };
		271FB4CC19279C0A0089E50A /* HomePwner.app */ = {isa = PBXFileReference; explicitFileType = wrapper.application; includeInIndex = 0; path = HomePwner.app; sourceTree = BUILT_PRODUCTS_DIR; };
		271FB4CF19279C0A0089E50A /* Foundation.framework */ = {isa = PBXFileReference; lastKnownFileType = wrapper.framework; name = Foundation.framework; path = System/Library/Frameworks/Foundation.framework; sourceTree = SDKROOT; };
		271FB4D119279C0A0089E50A /* CoreGraphics.framework */ = {isa = PBXFileReference; lastKnownFileType = wrapper.framework; name = CoreGraphics.framework; path = System/Library/Frameworks/CoreGraphics.framework; sourceTree = SDKROOT; };
		271FB4D319279C0A0089E50A /* UIKit.framework */ = {isa = PBXFileReference; lastKnownFileType = wrapper.framework; name = UIKit.framework; path = System/Library/Frameworks/UIKit.framework; sourceTree = SDKROOT; };
		271FB4D719279C0A0089E50A /* HomePwner-Info.plist */ = {isa = PBXFileReference; lastKnownFileType = text.plist.xml; path = "HomePwner-Info.plist"; sourceTree = "<group>"; };
		271FB4D919279C0A0089E50A /* en */ = {isa = PBXFileReference; lastKnownFileType = text.plist.strings; name = en; path = en.lproj/InfoPlist.strings; sourceTree = "<group>"; };
		271FB4DB19279C0A0089E50A /* main.m */ = {isa = PBXFileReference; lastKnownFileType = sourcecode.c.objc; path = main.m; sourceTree = "<group>"; };
		271FB4DD19279C0A0089E50A /* HomePwner-Prefix.pch */ = {isa = PBXFileReference; lastKnownFileType = sourcecode.c.h; path = "HomePwner-Prefix.pch"; sourceTree = "<group>"; };
		271FB4DE19279C0A0089E50A /* BNRAppDelegate.h */ = {isa = PBXFileReference; lastKnownFileType = sourcecode.c.h; path = BNRAppDelegate.h; sourceTree = "<group>"; };
		271FB4DF19279C0A0089E50A /* BNRAppDelegate.m */ = {isa = PBXFileReference; lastKnownFileType = sourcecode.c.objc; path = BNRAppDelegate.m; sourceTree = "<group>"; };
		271FB4E119279C0A0089E50A /* Images.xcassets */ = {isa = PBXFileReference; lastKnownFileType = folder.assetcatalog; path = Images.xcassets; sourceTree = "<group>"; };
		271FB4E719279C0A0089E50A /* HomePwnerTests.xctest */ = {isa = PBXFileReference; explicitFileType = wrapper.cfbundle; includeInIndex = 0; path = HomePwnerTests.xctest; sourceTree = BUILT_PRODUCTS_DIR; };
		271FB4E819279C0A0089E50A /* XCTest.framework */ = {isa = PBXFileReference; lastKnownFileType = wrapper.framework; name = XCTest.framework; path = Library/Frameworks/XCTest.framework; sourceTree = DEVELOPER_DIR; };
		271FB4F019279C0A0089E50A /* HomePwnerTests-Info.plist */ = {isa = PBXFileReference; lastKnownFileType = text.plist.xml; path = "HomePwnerTests-Info.plist"; sourceTree = "<group>"; };
		271FB4F219279C0A0089E50A /* en */ = {isa = PBXFileReference; lastKnownFileType = text.plist.strings; name = en; path = en.lproj/InfoPlist.strings; sourceTree = "<group>"; };
		271FB4F419279C0A0089E50A /* HomePwnerTests.m */ = {isa = PBXFileReference; lastKnownFileType = sourcecode.c.objc; path = HomePwnerTests.m; sourceTree = "<group>"; };
		271FB5401927DFC60089E50A /* BNRItemsViewController.h */ = {isa = PBXFileReference; fileEncoding = 4; lastKnownFileType = sourcecode.c.h; path = BNRItemsViewController.h; sourceTree = "<group>"; };
		271FB5411927DFC60089E50A /* BNRItemsViewController.m */ = {isa = PBXFileReference; fileEncoding = 4; lastKnownFileType = sourcecode.c.objc; path = BNRItemsViewController.m; sourceTree = "<group>"; };
		271FB5491927E7BA0089E50A /* BNRItemStore.h */ = {isa = PBXFileReference; fileEncoding = 4; lastKnownFileType = sourcecode.c.h; path = BNRItemStore.h; sourceTree = "<group>"; };
		271FB54A1927E7BA0089E50A /* BNRItemStore.m */ = {isa = PBXFileReference; fileEncoding = 4; lastKnownFileType = sourcecode.c.objc; path = BNRItemStore.m; sourceTree = "<group>"; };
		27558E43194B4E67003312C0 /* BNRItemCell.xib */ = {isa = PBXFileReference; fileEncoding = 4; lastKnownFileType = file.xib; path = BNRItemCell.xib; sourceTree = "<group>"; };
		27558E45194B4F01003312C0 /* BNRItemCell.h */ = {isa = PBXFileReference; fileEncoding = 4; lastKnownFileType = sourcecode.c.h; path = BNRItemCell.h; sourceTree = "<group>"; };
		27558E46194B4F01003312C0 /* BNRItemCell.m */ = {isa = PBXFileReference; fileEncoding = 4; lastKnownFileType = sourcecode.c.objc; path = BNRItemCell.m; sourceTree = "<group>"; };
		27827C061959EF50006F171B /* Homepwner.xcdatamodel */ = {isa = PBXFileReference; lastKnownFileType = wrapper.xcdatamodel; path = Homepwner.xcdatamodel; sourceTree = "<group>"; };
		27827C091959F11F006F171B /* BNRImageTransformer.h */ = {isa = PBXFileReference; fileEncoding = 4; lastKnownFileType = sourcecode.c.h; path = BNRImageTransformer.h; sourceTree = "<group>"; };
		27827C0A1959F11F006F171B /* BNRImageTransformer.m */ = {isa = PBXFileReference; fileEncoding = 4; lastKnownFileType = sourcecode.c.objc; path = BNRImageTransformer.m; sourceTree = "<group>"; };
		27827C0C195A17F6006F171B /* BNRItem.h */ = {isa = PBXFileReference; fileEncoding = 4; lastKnownFileType = sourcecode.c.h; path = BNRItem.h; sourceTree = "<group>"; };
		27827C0D195A17F6006F171B /* BNRItem.m */ = {isa = PBXFileReference; fileEncoding = 4; lastKnownFileType = sourcecode.c.objc; path = BNRItem.m; sourceTree = "<group>"; };
		27827C0F195A1CE7006F171B /* CoreData.framework */ = {isa = PBXFileReference; lastKnownFileType = wrapper.framework; name = CoreData.framework; path = System/Library/Frameworks/CoreData.framework; sourceTree = SDKROOT; };
		27827C11195B5A12006F171B /* BNRAssetTypeViewController.h */ = {isa = PBXFileReference; fileEncoding = 4; lastKnownFileType = sourcecode.c.h; path = BNRAssetTypeViewController.h; sourceTree = "<group>"; };
		27827C12195B5A12006F171B /* BNRAssetTypeViewController.m */ = {isa = PBXFileReference; fileEncoding = 4; lastKnownFileType = sourcecode.c.objc; path = BNRAssetTypeViewController.m; sourceTree = "<group>"; };
		279551D8192F81B900AF7746 /* BNRDetailViewController.h */ = {isa = PBXFileReference; fileEncoding = 4; lastKnownFileType = sourcecode.c.h; path = BNRDetailViewController.h; sourceTree = "<group>"; };
		279551D9192F81B900AF7746 /* BNRDetailViewController.m */ = {isa = PBXFileReference; fileEncoding = 4; lastKnownFileType = sourcecode.c.objc; path = BNRDetailViewController.m; sourceTree = "<group>"; };
		279551DA192F81B900AF7746 /* BNRDetailViewController.xib */ = {isa = PBXFileReference; fileEncoding = 4; lastKnownFileType = file.xib; path = BNRDetailViewController.xib; sourceTree = "<group>"; };
		27A5BBCA194F695B0005AC4F /* BNRImageViewController.h */ = {isa = PBXFileReference; fileEncoding = 4; lastKnownFileType = sourcecode.c.h; path = BNRImageViewController.h; sourceTree = "<group>"; };
		27A5BBCB194F695B0005AC4F /* BNRImageViewController.m */ = {isa = PBXFileReference; fileEncoding = 4; lastKnownFileType = sourcecode.c.objc; path = BNRImageViewController.m; sourceTree = "<group>"; };
		27AC1E6F192A9C0C002EA5FC /* HeaderView.xib */ = {isa = PBXFileReference; fileEncoding = 4; lastKnownFileType = file.xib; path = HeaderView.xib; sourceTree = "<group>"; };
/* End PBXFileReference section */

/* Begin PBXFrameworksBuildPhase section */
		271FB4C919279C0A0089E50A /* Frameworks */ = {
			isa = PBXFrameworksBuildPhase;
			buildActionMask = 2147483647;
			files = (
				271FB4D219279C0A0089E50A /* CoreGraphics.framework in Frameworks */,
				271FB4D419279C0A0089E50A /* UIKit.framework in Frameworks */,
				271FB4D019279C0A0089E50A /* Foundation.framework in Frameworks */,
			);
			runOnlyForDeploymentPostprocessing = 0;
		};
		271FB4E419279C0A0089E50A /* Frameworks */ = {
			isa = PBXFrameworksBuildPhase;
			buildActionMask = 2147483647;
			files = (
				271FB4E919279C0A0089E50A /* XCTest.framework in Frameworks */,
				271FB4EB19279C0A0089E50A /* UIKit.framework in Frameworks */,
				271FB4EA19279C0A0089E50A /* Foundation.framework in Frameworks */,
			);
			runOnlyForDeploymentPostprocessing = 0;
		};
/* End PBXFrameworksBuildPhase section */

/* Begin PBXGroup section */
		271FB4C319279C0A0089E50A = {
			isa = PBXGroup;
			children = (
				271FB4D519279C0A0089E50A /* HomePwner */,
				271FB4EE19279C0A0089E50A /* HomePwnerTests */,
				271FB4CE19279C0A0089E50A /* Frameworks */,
				271FB4CD19279C0A0089E50A /* Products */,
			);
			sourceTree = "<group>";
		};
		271FB4CD19279C0A0089E50A /* Products */ = {
			isa = PBXGroup;
			children = (
				271FB4CC19279C0A0089E50A /* HomePwner.app */,
				271FB4E719279C0A0089E50A /* HomePwnerTests.xctest */,
			);
			name = Products;
			sourceTree = "<group>";
		};
		271FB4CE19279C0A0089E50A /* Frameworks */ = {
			isa = PBXGroup;
			children = (
				27827C0F195A1CE7006F171B /* CoreData.framework */,
				271FB4CF19279C0A0089E50A /* Foundation.framework */,
				271FB4D119279C0A0089E50A /* CoreGraphics.framework */,
				271FB4D319279C0A0089E50A /* UIKit.framework */,
				271FB4E819279C0A0089E50A /* XCTest.framework */,
			);
			name = Frameworks;
			sourceTree = "<group>";
		};
		271FB4D519279C0A0089E50A /* HomePwner */ = {
			isa = PBXGroup;
			children = (
				271FB4DE19279C0A0089E50A /* BNRAppDelegate.h */,
				271FB4DF19279C0A0089E50A /* BNRAppDelegate.m */,
				271FB54C1927E7C00089E50A /* Model & Stores Objects */,
				27AC1E6E192A9BA3002EA5FC /* ViewControllers */,
				27827C081959EF5A006F171B /* Core Data */,
				271FB4D619279C0A0089E50A /* Supporting Files */,
			);
			path = HomePwner;
			sourceTree = "<group>";
		};
		271FB4D619279C0A0089E50A /* Supporting Files */ = {
			isa = PBXGroup;
			children = (
				271FB4D719279C0A0089E50A /* HomePwner-Info.plist */,
				271FB4D819279C0A0089E50A /* InfoPlist.strings */,
				271FB4DB19279C0A0089E50A /* main.m */,
				271FB4DD19279C0A0089E50A /* HomePwner-Prefix.pch */,
				271FB4E119279C0A0089E50A /* Images.xcassets */,
			);
			name = "Supporting Files";
			sourceTree = "<group>";
		};
		271FB4EE19279C0A0089E50A /* HomePwnerTests */ = {
			isa = PBXGroup;
			children = (
				271FB4F419279C0A0089E50A /* HomePwnerTests.m */,
				271FB4EF19279C0A0089E50A /* Supporting Files */,
			);
			path = HomePwnerTests;
			sourceTree = "<group>";
		};
		271FB4EF19279C0A0089E50A /* Supporting Files */ = {
			isa = PBXGroup;
			children = (
				271FB4F019279C0A0089E50A /* HomePwnerTests-Info.plist */,
				271FB4F119279C0A0089E50A /* InfoPlist.strings */,
			);
			name = "Supporting Files";
			sourceTree = "<group>";
		};
		271FB54C1927E7C00089E50A /* Model & Stores Objects */ = {
			isa = PBXGroup;
			children = (
				27827C0C195A17F6006F171B /* BNRItem.h */,
				27827C0D195A17F6006F171B /* BNRItem.m */,
				271FB5491927E7BA0089E50A /* BNRItemStore.h */,
				271FB54A1927E7BA0089E50A /* BNRItemStore.m */,
				2703181D1933BE7C00ED93D0 /* BNRImageStore.h */,
				2703181E1933BE7C00ED93D0 /* BNRImageStore.m */,
				27827C11195B5A12006F171B /* BNRAssetTypeViewController.h */,
				27827C12195B5A12006F171B /* BNRAssetTypeViewController.m */,
			);
			name = "Model & Stores Objects";
			sourceTree = "<group>";
		};
		27558E3F194B4E0E003312C0 /* TableViewCell */ = {
			isa = PBXGroup;
			children = (
				27558E45194B4F01003312C0 /* BNRItemCell.h */,
				27558E46194B4F01003312C0 /* BNRItemCell.m */,
				27558E43194B4E67003312C0 /* BNRItemCell.xib */,
			);
			name = TableViewCell;
			sourceTree = "<group>";
		};
		27827C081959EF5A006F171B /* Core Data */ = {
			isa = PBXGroup;
			children = (
				27827C051959EF50006F171B /* Homepwner.xcdatamodeld */,
				27827C091959F11F006F171B /* BNRImageTransformer.h */,
				27827C0A1959F11F006F171B /* BNRImageTransformer.m */,
			);
			name = "Core Data";
			sourceTree = "<group>";
		};
		27AC1E6E192A9BA3002EA5FC /* ViewControllers */ = {
			isa = PBXGroup;
			children = (
				27558E3F194B4E0E003312C0 /* TableViewCell */,
				279551D8192F81B900AF7746 /* BNRDetailViewController.h */,
				279551D9192F81B900AF7746 /* BNRDetailViewController.m */,
				279551DA192F81B900AF7746 /* BNRDetailViewController.xib */,
				27A5BBCA194F695B0005AC4F /* BNRImageViewController.h */,
				27A5BBCB194F695B0005AC4F /* BNRImageViewController.m */,
				271FB5401927DFC60089E50A /* BNRItemsViewController.h */,
				271FB5411927DFC60089E50A /* BNRItemsViewController.m */,
				27AC1E6F192A9C0C002EA5FC /* HeaderView.xib */,
			);
			name = ViewControllers;
			sourceTree = "<group>";
		};
/* End PBXGroup section */

/* Begin PBXNativeTarget section */
		271FB4CB19279C0A0089E50A /* HomePwner */ = {
			isa = PBXNativeTarget;
			buildConfigurationList = 271FB4F819279C0A0089E50A /* Build configuration list for PBXNativeTarget "HomePwner" */;
			buildPhases = (
				271FB4C819279C0A0089E50A /* Sources */,
				271FB4C919279C0A0089E50A /* Frameworks */,
				271FB4CA19279C0A0089E50A /* Resources */,
			);
			buildRules = (
			);
			dependencies = (
			);
			name = HomePwner;
			productName = HomePwner;
			productReference = 271FB4CC19279C0A0089E50A /* HomePwner.app */;
			productType = "com.apple.product-type.application";
		};
		271FB4E619279C0A0089E50A /* HomePwnerTests */ = {
			isa = PBXNativeTarget;
			buildConfigurationList = 271FB4FB19279C0A0089E50A /* Build configuration list for PBXNativeTarget "HomePwnerTests" */;
			buildPhases = (
				271FB4E319279C0A0089E50A /* Sources */,
				271FB4E419279C0A0089E50A /* Frameworks */,
				271FB4E519279C0A0089E50A /* Resources */,
			);
			buildRules = (
			);
			dependencies = (
				271FB4ED19279C0A0089E50A /* PBXTargetDependency */,
			);
			name = HomePwnerTests;
			productName = HomePwnerTests;
			productReference = 271FB4E719279C0A0089E50A /* HomePwnerTests.xctest */;
			productType = "com.apple.product-type.bundle.unit-test";
		};
/* End PBXNativeTarget section */

/* Begin PBXProject section */
		271FB4C419279C0A0089E50A /* Project object */ = {
			isa = PBXProject;
			attributes = {
				CLASSPREFIX = BNR;
				LastUpgradeCheck = 0510;
				ORGANIZATIONNAME = "William Kong";
				TargetAttributes = {
					271FB4E619279C0A0089E50A = {
						TestTargetID = 271FB4CB19279C0A0089E50A;
					};
				};
			};
			buildConfigurationList = 271FB4C719279C0A0089E50A /* Build configuration list for PBXProject "HomePwner" */;
			compatibilityVersion = "Xcode 3.2";
			developmentRegion = English;
			hasScannedForEncodings = 0;
			knownRegions = (
				en,
			);
			mainGroup = 271FB4C319279C0A0089E50A;
			productRefGroup = 271FB4CD19279C0A0089E50A /* Products */;
			projectDirPath = "";
			projectRoot = "";
			targets = (
				271FB4CB19279C0A0089E50A /* HomePwner */,
				271FB4E619279C0A0089E50A /* HomePwnerTests */,
			);
		};
/* End PBXProject section */

/* Begin PBXResourcesBuildPhase section */
		271FB4CA19279C0A0089E50A /* Resources */ = {
			isa = PBXResourcesBuildPhase;
			buildActionMask = 2147483647;
			files = (
				279551DC192F81B900AF7746 /* BNRDetailViewController.xib in Resources */,
				27AC1E70192A9C0C002EA5FC /* HeaderView.xib in Resources */,
				271FB4DA19279C0A0089E50A /* InfoPlist.strings in Resources */,
				271FB4E219279C0A0089E50A /* Images.xcassets in Resources */,
				27558E44194B4E67003312C0 /* BNRItemCell.xib in Resources */,
			);
			runOnlyForDeploymentPostprocessing = 0;
		};
		271FB4E519279C0A0089E50A /* Resources */ = {
			isa = PBXResourcesBuildPhase;
			buildActionMask = 2147483647;
			files = (
				271FB4F319279C0A0089E50A /* InfoPlist.strings in Resources */,
			);
			runOnlyForDeploymentPostprocessing = 0;
		};
/* End PBXResourcesBuildPhase section */

/* Begin PBXSourcesBuildPhase section */
		271FB4C819279C0A0089E50A /* Sources */ = {
			isa = PBXSourcesBuildPhase;
			buildActionMask = 2147483647;
			files = (
				279551DB192F81B900AF7746 /* BNRDetailViewController.m in Sources */,
				27827C0E195A17F6006F171B /* BNRItem.m in Sources */,
				27827C13195B5A12006F171B /* BNRAssetTypeViewController.m in Sources */,
				27558E47194B4F01003312C0 /* BNRItemCell.m in Sources */,
				27A5BBCC194F695B0005AC4F /* BNRImageViewController.m in Sources */,
				271FB54B1927E7BA0089E50A /* BNRItemStore.m in Sources */,
				2703181F1933BE7C00ED93D0 /* BNRImageStore.m in Sources */,
				271FB5421927DFC60089E50A /* BNRItemsViewController.m in Sources */,
				271FB4DC19279C0A0089E50A /* main.m in Sources */,
				271FB4E019279C0A0089E50A /* BNRAppDelegate.m in Sources */,
				27827C071959EF50006F171B /* Homepwner.xcdatamodeld in Sources */,
				27827C0B1959F11F006F171B /* BNRImageTransformer.m in Sources */,
			);
			runOnlyForDeploymentPostprocessing = 0;
		};
		271FB4E319279C0A0089E50A /* Sources */ = {
			isa = PBXSourcesBuildPhase;
			buildActionMask = 2147483647;
			files = (
				271FB4F519279C0A0089E50A /* HomePwnerTests.m in Sources */,
			);
			runOnlyForDeploymentPostprocessing = 0;
		};
/* End PBXSourcesBuildPhase section */

/* Begin PBXTargetDependency section */
		271FB4ED19279C0A0089E50A /* PBXTargetDependency */ = {
			isa = PBXTargetDependency;
			target = 271FB4CB19279C0A0089E50A /* HomePwner */;
			targetProxy = 271FB4EC19279C0A0089E50A /* PBXContainerItemProxy */;
		};
/* End PBXTargetDependency section */

/* Begin PBXVariantGroup section */
		271FB4D819279C0A0089E50A /* InfoPlist.strings */ = {
			isa = PBXVariantGroup;
			children = (
				271FB4D919279C0A0089E50A /* en */,
			);
			name = InfoPlist.strings;
			sourceTree = "<group>";
		};
		271FB4F119279C0A0089E50A /* InfoPlist.strings */ = {
			isa = PBXVariantGroup;
			children = (
				271FB4F219279C0A0089E50A /* en */,
			);
			name = InfoPlist.strings;
			sourceTree = "<group>";
		};
/* End PBXVariantGroup section */

/* Begin XCBuildConfiguration section */
		271FB4F619279C0A0089E50A /* Debug */ = {
			isa = XCBuildConfiguration;
			buildSettings = {
				ALWAYS_SEARCH_USER_PATHS = NO;
				CLANG_CXX_LANGUAGE_STANDARD = "gnu++0x";
				CLANG_CXX_LIBRARY = "libc++";
				CLANG_ENABLE_MODULES = YES;
				CLANG_ENABLE_OBJC_ARC = YES;
				CLANG_WARN_BOOL_CONVERSION = YES;
				CLANG_WARN_CONSTANT_CONVERSION = YES;
				CLANG_WARN_DIRECT_OBJC_ISA_USAGE = YES_ERROR;
				CLANG_WARN_EMPTY_BODY = YES;
				CLANG_WARN_ENUM_CONVERSION = YES;
				CLANG_WARN_INT_CONVERSION = YES;
				CLANG_WARN_OBJC_ROOT_CLASS = YES_ERROR;
				CLANG_WARN__DUPLICATE_METHOD_MATCH = YES;
				"CODE_SIGN_IDENTITY[sdk=iphoneos*]" = "iPhone Developer";
				COPY_PHASE_STRIP = NO;
				GCC_C_LANGUAGE_STANDARD = gnu99;
				GCC_DYNAMIC_NO_PIC = NO;
				GCC_OPTIMIZATION_LEVEL = 0;
				GCC_PREPROCESSOR_DEFINITIONS = (
					"DEBUG=1",
					"$(inherited)",
				);
				GCC_SYMBOLS_PRIVATE_EXTERN = NO;
				GCC_WARN_64_TO_32_BIT_CONVERSION = YES;
				GCC_WARN_ABOUT_RETURN_TYPE = YES_ERROR;
				GCC_WARN_UNDECLARED_SELECTOR = YES;
				GCC_WARN_UNINITIALIZED_AUTOS = YES_AGGRESSIVE;
				GCC_WARN_UNUSED_FUNCTION = YES;
				GCC_WARN_UNUSED_VARIABLE = YES;
				IPHONEOS_DEPLOYMENT_TARGET = 7.1;
				ONLY_ACTIVE_ARCH = YES;
				SDKROOT = iphoneos;
			};
			name = Debug;
		};
		271FB4F719279C0A0089E50A /* Release */ = {
			isa = XCBuildConfiguration;
			buildSettings = {
				ALWAYS_SEARCH_USER_PATHS = NO;
				CLANG_CXX_LANGUAGE_STANDARD = "gnu++0x";
				CLANG_CXX_LIBRARY = "libc++";
				CLANG_ENABLE_MODULES = YES;
				CLANG_ENABLE_OBJC_ARC = YES;
				CLANG_WARN_BOOL_CONVERSION = YES;
				CLANG_WARN_CONSTANT_CONVERSION = YES;
				CLANG_WARN_DIRECT_OBJC_ISA_USAGE = YES_ERROR;
				CLANG_WARN_EMPTY_BODY = YES;
				CLANG_WARN_ENUM_CONVERSION = YES;
				CLANG_WARN_INT_CONVERSION = YES;
				CLANG_WARN_OBJC_ROOT_CLASS = YES_ERROR;
				CLANG_WARN__DUPLICATE_METHOD_MATCH = YES;
				"CODE_SIGN_IDENTITY[sdk=iphoneos*]" = "iPhone Developer";
				COPY_PHASE_STRIP = YES;
				ENABLE_NS_ASSERTIONS = NO;
				GCC_C_LANGUAGE_STANDARD = gnu99;
				GCC_WARN_64_TO_32_BIT_CONVERSION = YES;
				GCC_WARN_ABOUT_RETURN_TYPE = YES_ERROR;
				GCC_WARN_UNDECLARED_SELECTOR = YES;
				GCC_WARN_UNINITIALIZED_AUTOS = YES_AGGRESSIVE;
				GCC_WARN_UNUSED_FUNCTION = YES;
				GCC_WARN_UNUSED_VARIABLE = YES;
				IPHONEOS_DEPLOYMENT_TARGET = 7.1;
				SDKROOT = iphoneos;
				VALIDATE_PRODUCT = YES;
			};
			name = Release;
		};
		271FB4F919279C0A0089E50A /* Debug */ = {
			isa = XCBuildConfiguration;
			buildSettings = {
				ASSETCATALOG_COMPILER_APPICON_NAME = AppIcon;
				ASSETCATALOG_COMPILER_LAUNCHIMAGE_NAME = LaunchImage;
				GCC_PRECOMPILE_PREFIX_HEADER = YES;
				GCC_PREFIX_HEADER = "HomePwner/HomePwner-Prefix.pch";
				INFOPLIST_FILE = "HomePwner/HomePwner-Info.plist";
				IPHONEOS_DEPLOYMENT_TARGET = 7.1;
				PRODUCT_NAME = "$(TARGET_NAME)";
				TARGETED_DEVICE_FAMILY = "1,2";
				WRAPPER_EXTENSION = app;
			};
			name = Debug;
		};
		271FB4FA19279C0A0089E50A /* Release */ = {
			isa = XCBuildConfiguration;
			buildSettings = {
				ASSETCATALOG_COMPILER_APPICON_NAME = AppIcon;
				ASSETCATALOG_COMPILER_LAUNCHIMAGE_NAME = LaunchImage;
				GCC_PRECOMPILE_PREFIX_HEADER = YES;
				GCC_PREFIX_HEADER = "HomePwner/HomePwner-Prefix.pch";
				INFOPLIST_FILE = "HomePwner/HomePwner-Info.plist";
				IPHONEOS_DEPLOYMENT_TARGET = 7.1;
				PRODUCT_NAME = "$(TARGET_NAME)";
				TARGETED_DEVICE_FAMILY = "1,2";
				WRAPPER_EXTENSION = app;
			};
			name = Release;
		};
		271FB4FC19279C0A0089E50A /* Debug */ = {
			isa = XCBuildConfiguration;
			buildSettings = {
				BUNDLE_LOADER = "$(BUILT_PRODUCTS_DIR)/HomePwner.app/HomePwner";
				FRAMEWORK_SEARCH_PATHS = (
					"$(SDKROOT)/Developer/Library/Frameworks",
					"$(inherited)",
					"$(DEVELOPER_FRAMEWORKS_DIR)",
				);
				GCC_PRECOMPILE_PREFIX_HEADER = YES;
				GCC_PREFIX_HEADER = "HomePwner/HomePwner-Prefix.pch";
				GCC_PREPROCESSOR_DEFINITIONS = (
					"DEBUG=1",
					"$(inherited)",
				);
				INFOPLIST_FILE = "HomePwnerTests/HomePwnerTests-Info.plist";
				PRODUCT_NAME = "$(TARGET_NAME)";
				TEST_HOST = "$(BUNDLE_LOADER)";
				WRAPPER_EXTENSION = xctest;
			};
			name = Debug;
		};
		271FB4FD19279C0A0089E50A /* Release */ = {
			isa = XCBuildConfiguration;
			buildSettings = {
				BUNDLE_LOADER = "$(BUILT_PRODUCTS_DIR)/HomePwner.app/HomePwner";
				FRAMEWORK_SEARCH_PATHS = (
					"$(SDKROOT)/Developer/Library/Frameworks",
					"$(inherited)",
					"$(DEVELOPER_FRAMEWORKS_DIR)",
				);
				GCC_PRECOMPILE_PREFIX_HEADER = YES;
				GCC_PREFIX_HEADER = "HomePwner/HomePwner-Prefix.pch";
				INFOPLIST_FILE = "HomePwnerTests/HomePwnerTests-Info.plist";
				PRODUCT_NAME = "$(TARGET_NAME)";
				TEST_HOST = "$(BUNDLE_LOADER)";
				WRAPPER_EXTENSION = xctest;
			};
			name = Release;
		};
/* End XCBuildConfiguration section */

/* Begin XCConfigurationList section */
		271FB4C719279C0A0089E50A /* Build configuration list for PBXProject "HomePwner" */ = {
			isa = XCConfigurationList;
			buildConfigurations = (
				271FB4F619279C0A0089E50A /* Debug */,
				271FB4F719279C0A0089E50A /* Release */,
			);
			defaultConfigurationIsVisible = 0;
			defaultConfigurationName = Release;
		};
		271FB4F819279C0A0089E50A /* Build configuration list for PBXNativeTarget "HomePwner" */ = {
			isa = XCConfigurationList;
			buildConfigurations = (
				271FB4F919279C0A0089E50A /* Debug */,
				271FB4FA19279C0A0089E50A /* Release */,
			);
			defaultConfigurationIsVisible = 0;
			defaultConfigurationName = Release;
		};
		271FB4FB19279C0A0089E50A /* Build configuration list for PBXNativeTarget "HomePwnerTests" */ = {
			isa = XCConfigurationList;
			buildConfigurations = (
				271FB4FC19279C0A0089E50A /* Debug */,
				271FB4FD19279C0A0089E50A /* Release */,
			);
			defaultConfigurationIsVisible = 0;
			defaultConfigurationName = Release;
		};
/* End XCConfigurationList section */

/* Begin XCVersionGroup section */
		27827C051959EF50006F171B /* Homepwner.xcdatamodeld */ = {
			isa = XCVersionGroup;
			children = (
				27827C061959EF50006F171B /* Homepwner.xcdatamodel */,
			);
			currentVersion = 27827C061959EF50006F171B /* Homepwner.xcdatamodel */;
			path = Homepwner.xcdatamodeld;
			sourceTree = "<group>";
			versionGroupType = wrapper.xcdatamodel;
		};
/* End XCVersionGroup section */
	};
	rootObject = 271FB4C419279C0A0089E50A /* Project object */;
}
